
Microsoft Visual Studio Solution File, Format Version 12.00
# Visual Studio Version 17
VisualStudioVersion = 17.7.34031.279
MinimumVisualStudioVersion = 10.0.40219.1
Project("{2150E333-8FDC-42A3-9474-1A3956D46DE8}") = "Presentation Layer", "Presentation Layer", "{5604AAE6-5537-406F-BC6C-C5709A312E21}"
EndProject
Project("{9A19103F-16F7-4668-BE54-9A1E7A4F7556}") = "MyStoreWinApp", "MyStoreWinApp\MyStoreWinApp.csproj", "{F8604FFB-528F-40B9-9F2C-8843878785CF}"
EndProject
Global
	GlobalSection(SolutionConfigurationPlatforms) = preSolution
		Debug|Any CPU = Debug|Any CPU
		Release|Any CPU = Release|Any CPU
	EndGlobalSection
	GlobalSection(ProjectConfigurationPlatforms) = postSolution
		{F8604FFB-528F-40B9-9F2C-8843878785CF}.Debug|Any CPU.ActiveCfg = Debug|Any CPU
		{F8604FFB-528F-40B9-9F2C-8843878785CF}.Debug|Any CPU.Build.0 = Debug|Any CPU
		{F8604FFB-528F-40B9-9F2C-8843878785CF}.Release|Any CPU.ActiveCfg = Release|Any CPU
		{F8604FFB-528F-40B9-9F2C-8843878785CF}.Release|Any CPU.Build.0 = Release|Any CPU
	EndGlobalSection
	GlobalSection(SolutionProperties) = preSolution
		HideSolutionNode = FALSE
	EndGlobalSection
	GlobalSection(NestedProjects) = preSolution
		{F8604FFB-528F-40B9-9F2C-8843878785CF} = {5604AAE6-5537-406F-BC6C-C5709A312E21}
	EndGlobalSection
	GlobalSection(ExtensibilityGlobals) = postSolution
		SolutionGuid = {DAB2F4AA-E953-4EDA-9E05-4A85939DC8AB}
	EndGlobalSection
EndGlobal
